
Microsoft Visual Studio Solution File, Format Version 10.00
# Visual Studio 2008
Project("{FAE04EC0-301F-11D3-BF4B-00C04F79EFBC}") = "FreelancerModStudio", "FreelancerModStudio\FreelancerModStudio.csproj", "{8FFDB3D5-4135-435B-A446-F2D8D088AA44}"
	ProjectSection(ProjectDependencies) = postProject
		{BB650B0C-AB45-44B0-900E-6187EC208C95} = {BB650B0C-AB45-44B0-900E-6187EC208C95}
	EndProjectSection
EndProject
Project("{FAE04EC0-301F-11D3-BF4B-00C04F79EFBC}") = "DockPanelSuite", "DockPanelSuite\DockPanelSuite.csproj", "{BB650B0C-AB45-44B0-900E-6187EC208C95}"
EndProject
Project("{FAE04EC0-301F-11D3-BF4B-00C04F79EFBC}") = "HelixEngine", "HelixEngine\HelixEngine.csproj", "{93BD8CFA-B81B-46FD-8779-0DB02C2A691E}"
EndProject
Project("{FAE04EC0-301F-11D3-BF4B-00C04F79EFBC}") = "SystemWatcher", "SystemWatcher\SystemWatcher.csproj", "{544AADF5-E923-4B28-9B1A-6060188B3738}"
EndProject
Global
	GlobalSection(SolutionConfigurationPlatforms) = preSolution
		Debug|Any CPU = Debug|Any CPU
		Release|Any CPU = Release|Any CPU
	EndGlobalSection
	GlobalSection(ProjectConfigurationPlatforms) = postSolution
		{8FFDB3D5-4135-435B-A446-F2D8D088AA44}.Debug|Any CPU.ActiveCfg = Debug|Any CPU
		{8FFDB3D5-4135-435B-A446-F2D8D088AA44}.Debug|Any CPU.Build.0 = Debug|Any CPU
		{8FFDB3D5-4135-435B-A446-F2D8D088AA44}.Release|Any CPU.ActiveCfg = Release|Any CPU
		{8FFDB3D5-4135-435B-A446-F2D8D088AA44}.Release|Any CPU.Build.0 = Release|Any CPU
		{BB650B0C-AB45-44B0-900E-6187EC208C95}.Debug|Any CPU.ActiveCfg = Debug|Any CPU
		{BB650B0C-AB45-44B0-900E-6187EC208C95}.Debug|Any CPU.Build.0 = Debug|Any CPU
		{BB650B0C-AB45-44B0-900E-6187EC208C95}.Release|Any CPU.ActiveCfg = Release|Any CPU
		{BB650B0C-AB45-44B0-900E-6187EC208C95}.Release|Any CPU.Build.0 = Release|Any CPU
		{93BD8CFA-B81B-46FD-8779-0DB02C2A691E}.Debug|Any CPU.ActiveCfg = Debug|Any CPU
		{93BD8CFA-B81B-46FD-8779-0DB02C2A691E}.Debug|Any CPU.Build.0 = Debug|Any CPU
		{93BD8CFA-B81B-46FD-8779-0DB02C2A691E}.Release|Any CPU.ActiveCfg = Release|Any CPU
		{93BD8CFA-B81B-46FD-8779-0DB02C2A691E}.Release|Any CPU.Build.0 = Release|Any CPU
		{544AADF5-E923-4B28-9B1A-6060188B3738}.Debug|Any CPU.ActiveCfg = Debug|Any CPU
		{544AADF5-E923-4B28-9B1A-6060188B3738}.Debug|Any CPU.Build.0 = Debug|Any CPU
		{544AADF5-E923-4B28-9B1A-6060188B3738}.Release|Any CPU.ActiveCfg = Release|Any CPU
		{544AADF5-E923-4B28-9B1A-6060188B3738}.Release|Any CPU.Build.0 = Release|Any CPU
	EndGlobalSection
	GlobalSection(SolutionProperties) = preSolution
		HideSolutionNode = FALSE
	EndGlobalSection
EndGlobal
